Microsoft Visual Studio Solution File, Format Version 12.00
# Visual Studio Version 17
VisualStudioVersion = 17.5.2.0
MinimumVisualStudioVersion = 10.0.40219.1
Project("{2150E333-8FDC-42A3-9474-1A3956D46DE8}") = "SampleApps", "SampleApps", "{7CE63531-F5A2-D7C6-73CB-65ED64AB1069}"
EndProject
Project("{FAE04EC0-301F-11D3-BF4B-00C04F79EFBC}") = "APL2007M2Sample2", "SampleApps\APL2007M2Sample2\APL2007M2Sample2.csproj", "{63BA02C3-C2EF-48B7-7DF8-5272241194B8}"
EndProject
Project("{FAE04EC0-301F-11D3-BF4B-00C04F79EFBC}") = "APL2007M5", "SampleApps\APL2007M5SalesReport\APL2007M5.csproj", "{EFC34578-0864-4923-09DC-812744CBB306}"
EndProject
Project("{FAE04EC0-301F-11D3-BF4B-00C04F79EFBC}") = "APL2007M2Sample1", "SampleApps\APL2007M2Sample1\APL2007M2Sample1.csproj", "{0A5F99D5-186C-43A4-5C69-D2F04EF13EC5}"
EndProject
Project("{FAE04EC0-301F-11D3-BF4B-00C04F79EFBC}") = "APL2007M3SalesReport-SalesOrders", "SampleApps\APL2007M3SalesReport-SalesOrders\APL2007M3SalesReport-SalesOrders.csproj", "{581B3919-B8CC-1A97-9304-553FC97B62E9}"
EndProject
Project("{FAE04EC0-301F-11D3-BF4B-00C04F79EFBC}") = "APL2007M3SalesReport-InlineChat", "SampleApps\APL2007M3SalesReport-InlineChat\APL2007M3SalesReport-InlineChat.csproj", "{F61F4419-C947-AE86-F5C3-14CD52109540}"
EndProject
Project("{FAE04EC0-301F-11D3-BF4B-00C04F79EFBC}") = "APL2007M3SalesReport-NewCodeChallenge", "SampleApps\APL2007M3SalesReport-NewCodeChallenge\APL2007M3SalesReport-NewCodeChallenge.csproj", "{D024AB6D-0FAB-5BB5-9A3A-E89D8D6CDD93}"
EndProject
Project("{FAE04EC0-301F-11D3-BF4B-00C04F79EFBC}") = "APL2007M3SalesReport", "SampleApps\APL2007M3SalesReport-CodeLogicChallenge\APL2007M3SalesReport.csproj", "{C114F6B7-A9BD-CA03-30BD-04DE756AE183}"
EndProject
Project("{2150E333-8FDC-42A3-9474-1A3956D46DE8}") = "APL2007M4SalesReport", "APL2007M4SalesReport", "{9D5F70FB-EDF9-4586-593C-793F87291523}"
EndProject
Project("{FAE04EC0-301F-11D3-BF4B-00C04F79EFBC}") = "APL2007M4", "SampleApps\APL2007M4SalesReport\SalesReportApp\APL2007M4.csproj", "{3798FF89-7F70-BAAE-BE1E-1DA13C777468}"
EndProject
Project("{2150E333-8FDC-42A3-9474-1A3956D46DE8}") = "APL2007M5BankAccount-Security", "APL2007M5BankAccount-Security", "{F3684ADC-4BEB-267A-ADFD-CB15DAF9AACF}"
EndProject
Project("{FAE04EC0-301F-11D3-BF4B-00C04F79EFBC}") = "BankAccount.UnitTests", "SampleApps\APL2007M5BankAccount-Security\BankAccount.UnitTests\BankAccount.UnitTests.csproj", "{5EE9F10D-16CC-620D-AA50-0F90278E3CF7}"
EndProject
Project("{FAE04EC0-301F-11D3-BF4B-00C04F79EFBC}") = "BankAccount", "SampleApps\APL2007M5BankAccount-Security\BankAccountClass\BankAccount.csproj", "{461F37FC-0D44-AC86-EDF1-05B5134BB964}"
EndProject
Project("{2150E333-8FDC-42A3-9474-1A3956D46DE8}") = "APL2007M5BankAccount-Reliability", "APL2007M5BankAccount-Reliability", "{1CBA816D-24A5-B202-7D93-E787D8ADFDB9}"
EndProject
Project("{FAE04EC0-301F-11D3-BF4B-00C04F79EFBC}") = "BankAccount.UnitTests", "SampleApps\APL2007M5BankAccount-Reliability\BankAccount.UnitTests\BankAccount.UnitTests.csproj", "{8A260CED-9C51-F9EA-F60E-C393EC2A9FAF}"
EndProject
Project("{FAE04EC0-301F-11D3-BF4B-00C04F79EFBC}") = "BankAccount", "SampleApps\APL2007M5BankAccount-Reliability\BankAccountClass\BankAccount.csproj", "{4CB65EFA-B4FC-0F33-FE84-5E79BAFB9587}"
EndProject
Project("{2150E333-8FDC-42A3-9474-1A3956D46DE8}") = "APL2007M4PrimeService-UnitTests", "APL2007M4PrimeService-UnitTests", "{C8763680-8178-17B4-1C17-FEB51A1A554D}"
EndProject
Project("{FAE04EC0-301F-11D3-BF4B-00C04F79EFBC}") = "Numbers", "SampleApps\APL2007M4PrimeService-UnitTests\Numbers\Numbers.csproj", "{A236FC42-6ACB-45D8-BB30-D8964EE875D0}"
EndProject
Project("{FAE04EC0-301F-11D3-BF4B-00C04F79EFBC}") = "PrimeService.UnitTests", "SampleApps\APL2007M4PrimeService-UnitTests\PrimeService.UnitTests\PrimeService.UnitTests.csproj", "{830E8439-8FDE-C24C-79A1-E87901DD7699}"
EndProject
Project("{2150E333-8FDC-42A3-9474-1A3956D46DE8}") = "APL2007M5BankAccount", "APL2007M5BankAccount", "{971F7345-AAA2-A6B0-4461-408EC2F22B93}"
EndProject
Project("{FAE04EC0-301F-11D3-BF4B-00C04F79EFBC}") = "BankAccount.UnitTests", "SampleApps\APL2007M5BankAccount\BankAccount.UnitTests\BankAccount.UnitTests.csproj", "{BC31265F-C1B9-79BE-FA0F-397BED5B914F}"
EndProject
Project("{FAE04EC0-301F-11D3-BF4B-00C04F79EFBC}") = "BankAccount", "SampleApps\APL2007M5BankAccount\BankAccountClass\BankAccount.csproj", "{F1AF659F-27F2-3AF2-ECA8-B5569D34C84F}"
EndProject
Project("{2150E333-8FDC-42A3-9474-1A3956D46DE8}") = "APL2007M4PrimeService", "APL2007M4PrimeService", "{F268CF44-C2E1-87FE-A14B-5E6F3305AE86}"
EndProject
Project("{FAE04EC0-301F-11D3-BF4B-00C04F79EFBC}") = "Numbers", "SampleApps\APL2007M4PrimeService\Numbers\Numbers.csproj", "{0AA2247D-FDFE-5F73-CF9C-1770F80E6A43}"
EndProject
Project("{2150E333-8FDC-42A3-9474-1A3956D46DE8}") = "APL2007M4BankAccount", "APL2007M4BankAccount", "{313D3D4C-E43D-7872-1AEA-903B7DCF2555}"
EndProject
Project("{FAE04EC0-301F-11D3-BF4B-00C04F79EFBC}") = "BankAccount", "SampleApps\APL2007M4BankAccount\BankAccountClass\BankAccount.csproj", "{883B9DE7-50A8-9753-3D9B-C226F395E0ED}"
EndProject
Global
	GlobalSection(SolutionConfigurationPlatforms) = preSolution
		Debug|Any CPU = Debug|Any CPU
		Release|Any CPU = Release|Any CPU
	EndGlobalSection
	GlobalSection(ProjectConfigurationPlatforms) = postSolution
		{63BA02C3-C2EF-48B7-7DF8-5272241194B8}.Debug|Any CPU.ActiveCfg = Debug|Any CPU
		{63BA02C3-C2EF-48B7-7DF8-5272241194B8}.Debug|Any CPU.Build.0 = Debug|Any CPU
		{63BA02C3-C2EF-48B7-7DF8-5272241194B8}.Release|Any CPU.ActiveCfg = Release|Any CPU
		{63BA02C3-C2EF-48B7-7DF8-5272241194B8}.Release|Any CPU.Build.0 = Release|Any CPU
		{EFC34578-0864-4923-09DC-812744CBB306}.Debug|Any CPU.ActiveCfg = Debug|Any CPU
		{EFC34578-0864-4923-09DC-812744CBB306}.Debug|Any CPU.Build.0 = Debug|Any CPU
		{EFC34578-0864-4923-09DC-812744CBB306}.Release|Any CPU.ActiveCfg = Release|Any CPU
		{EFC34578-0864-4923-09DC-812744CBB306}.Release|Any CPU.Build.0 = Release|Any CPU
		{0A5F99D5-186C-43A4-5C69-D2F04EF13EC5}.Debug|Any CPU.ActiveCfg = Debug|Any CPU
		{0A5F99D5-186C-43A4-5C69-D2F04EF13EC5}.Debug|Any CPU.Build.0 = Debug|Any CPU
		{0A5F99D5-186C-43A4-5C69-D2F04EF13EC5}.Release|Any CPU.ActiveCfg = Release|Any CPU
		{0A5F99D5-186C-43A4-5C69-D2F04EF13EC5}.Release|Any CPU.Build.0 = Release|Any CPU
		{581B3919-B8CC-1A97-9304-553FC97B62E9}.Debug|Any CPU.ActiveCfg = Debug|Any CPU
		{581B3919-B8CC-1A97-9304-553FC97B62E9}.Debug|Any CPU.Build.0 = Debug|Any CPU
		{581B3919-B8CC-1A97-9304-553FC97B62E9}.Release|Any CPU.ActiveCfg = Release|Any CPU
		{581B3919-B8CC-1A97-9304-553FC97B62E9}.Release|Any CPU.Build.0 = Release|Any CPU
		{F61F4419-C947-AE86-F5C3-14CD52109540}.Debug|Any CPU.ActiveCfg = Debug|Any CPU
		{F61F4419-C947-AE86-F5C3-14CD52109540}.Debug|Any CPU.Build.0 = Debug|Any CPU
		{F61F4419-C947-AE86-F5C3-14CD52109540}.Release|Any CPU.ActiveCfg = Release|Any CPU
		{F61F4419-C947-AE86-F5C3-14CD52109540}.Release|Any CPU.Build.0 = Release|Any CPU
		{D024AB6D-0FAB-5BB5-9A3A-E89D8D6CDD93}.Debug|Any CPU.ActiveCfg = Debug|Any CPU
		{D024AB6D-0FAB-5BB5-9A3A-E89D8D6CDD93}.Debug|Any CPU.Build.0 = Debug|Any CPU
		{D024AB6D-0FAB-5BB5-9A3A-E89D8D6CDD93}.Release|Any CPU.ActiveCfg = Release|Any CPU
		{D024AB6D-0FAB-5BB5-9A3A-E89D8D6CDD93}.Release|Any CPU.Build.0 = Release|Any CPU
		{C114F6B7-A9BD-CA03-30BD-04DE756AE183}.Debug|Any CPU.ActiveCfg = Debug|Any CPU
		{C114F6B7-A9BD-CA03-30BD-04DE756AE183}.Debug|Any CPU.Build.0 = Debug|Any CPU
		{C114F6B7-A9BD-CA03-30BD-04DE756AE183}.Release|Any CPU.ActiveCfg = Release|Any CPU
		{C114F6B7-A9BD-CA03-30BD-04DE756AE183}.Release|Any CPU.Build.0 = Release|Any CPU
		{3798FF89-7F70-BAAE-BE1E-1DA13C777468}.Debug|Any CPU.ActiveCfg = Debug|Any CPU
		{3798FF89-7F70-BAAE-BE1E-1DA13C777468}.Debug|Any CPU.Build.0 = Debug|Any CPU
		{3798FF89-7F70-BAAE-BE1E-1DA13C777468}.Release|Any CPU.ActiveCfg = Release|Any CPU
		{3798FF89-7F70-BAAE-BE1E-1DA13C777468}.Release|Any CPU.Build.0 = Release|Any CPU
		{5EE9F10D-16CC-620D-AA50-0F90278E3CF7}.Debug|Any CPU.ActiveCfg = Debug|Any CPU
		{5EE9F10D-16CC-620D-AA50-0F90278E3CF7}.Debug|Any CPU.Build.0 = Debug|Any CPU
		{5EE9F10D-16CC-620D-AA50-0F90278E3CF7}.Release|Any CPU.ActiveCfg = Release|Any CPU
		{5EE9F10D-16CC-620D-AA50-0F90278E3CF7}.Release|Any CPU.Build.0 = Release|Any CPU
		{461F37FC-0D44-AC86-EDF1-05B5134BB964}.Debug|Any CPU.ActiveCfg = Debug|Any CPU
		{461F37FC-0D44-AC86-EDF1-05B5134BB964}.Debug|Any CPU.Build.0 = Debug|Any CPU
		{461F37FC-0D44-AC86-EDF1-05B5134BB964}.Release|Any CPU.ActiveCfg = Release|Any CPU
		{461F37FC-0D44-AC86-EDF1-05B5134BB964}.Release|Any CPU.Build.0 = Release|Any CPU
		{8A260CED-9C51-F9EA-F60E-C393EC2A9FAF}.Debug|Any CPU.ActiveCfg = Debug|Any CPU
		{8A260CED-9C51-F9EA-F60E-C393EC2A9FAF}.Debug|Any CPU.Build.0 = Debug|Any CPU
		{8A260CED-9C51-F9EA-F60E-C393EC2A9FAF}.Release|Any CPU.ActiveCfg = Release|Any CPU
		{8A260CED-9C51-F9EA-F60E-C393EC2A9FAF}.Release|Any CPU.Build.0 = Release|Any CPU
		{4CB65EFA-B4FC-0F33-FE84-5E79BAFB9587}.Debug|Any CPU.ActiveCfg = Debug|Any CPU
		{4CB65EFA-B4FC-0F33-FE84-5E79BAFB9587}.Debug|Any CPU.Build.0 = Debug|Any CPU
		{4CB65EFA-B4FC-0F33-FE84-5E79BAFB9587}.Release|Any CPU.ActiveCfg = Release|Any CPU
		{4CB65EFA-B4FC-0F33-FE84-5E79BAFB9587}.Release|Any CPU.Build.0 = Release|Any CPU
		{A236FC42-6ACB-45D8-BB30-D8964EE875D0}.Debug|Any CPU.ActiveCfg = Debug|Any CPU
		{A236FC42-6ACB-45D8-BB30-D8964EE875D0}.Debug|Any CPU.Build.0 = Debug|Any CPU
		{A236FC42-6ACB-45D8-BB30-D8964EE875D0}.Release|Any CPU.ActiveCfg = Release|Any CPU
		{A236FC42-6ACB-45D8-BB30-D8964EE875D0}.Release|Any CPU.Build.0 = Release|Any CPU
		{830E8439-8FDE-C24C-79A1-E87901DD7699}.Debug|Any CPU.ActiveCfg = Debug|Any CPU
		{830E8439-8FDE-C24C-79A1-E87901DD7699}.Debug|Any CPU.Build.0 = Debug|Any CPU
		{830E8439-8FDE-C24C-79A1-E87901DD7699}.Release|Any CPU.ActiveCfg = Release|Any CPU
		{830E8439-8FDE-C24C-79A1-E87901DD7699}.Release|Any CPU.Build.0 = Release|Any CPU
		{BC31265F-C1B9-79BE-FA0F-397BED5B914F}.Debug|Any CPU.ActiveCfg = Debug|Any CPU
		{BC31265F-C1B9-79BE-FA0F-397BED5B914F}.Debug|Any CPU.Build.0 = Debug|Any CPU
		{BC31265F-C1B9-79BE-FA0F-397BED5B914F}.Release|Any CPU.ActiveCfg = Release|Any CPU
		{BC31265F-C1B9-79BE-FA0F-397BED5B914F}.Release|Any CPU.Build.0 = Release|Any CPU
		{F1AF659F-27F2-3AF2-ECA8-B5569D34C84F}.Debug|Any CPU.ActiveCfg = Debug|Any CPU
		{F1AF659F-27F2-3AF2-ECA8-B5569D34C84F}.Debug|Any CPU.Build.0 = Debug|Any CPU
		{F1AF659F-27F2-3AF2-ECA8-B5569D34C84F}.Release|Any CPU.ActiveCfg = Release|Any CPU
		{F1AF659F-27F2-3AF2-ECA8-B5569D34C84F}.Release|Any CPU.Build.0 = Release|Any CPU
		{0AA2247D-FDFE-5F73-CF9C-1770F80E6A43}.Debug|Any CPU.ActiveCfg = Debug|Any CPU
		{0AA2247D-FDFE-5F73-CF9C-1770F80E6A43}.Debug|Any CPU.Build.0 = Debug|Any CPU
		{0AA2247D-FDFE-5F73-CF9C-1770F80E6A43}.Release|Any CPU.ActiveCfg = Release|Any CPU
		{0AA2247D-FDFE-5F73-CF9C-1770F80E6A43}.Release|Any CPU.Build.0 = Release|Any CPU
		{883B9DE7-50A8-9753-3D9B-C226F395E0ED}.Debug|Any CPU.ActiveCfg = Debug|Any CPU
		{883B9DE7-50A8-9753-3D9B-C226F395E0ED}.Debug|Any CPU.Build.0 = Debug|Any CPU
		{883B9DE7-50A8-9753-3D9B-C226F395E0ED}.Release|Any CPU.ActiveCfg = Release|Any CPU
		{883B9DE7-50A8-9753-3D9B-C226F395E0ED}.Release|Any CPU.Build.0 = Release|Any CPU
	EndGlobalSection
	GlobalSection(SolutionProperties) = preSolution
		HideSolutionNode = FALSE
	EndGlobalSection
	GlobalSection(NestedProjects) = preSolution
		{63BA02C3-C2EF-48B7-7DF8-5272241194B8} = {7CE63531-F5A2-D7C6-73CB-65ED64AB1069}
		{EFC34578-0864-4923-09DC-812744CBB306} = {7CE63531-F5A2-D7C6-73CB-65ED64AB1069}
		{0A5F99D5-186C-43A4-5C69-D2F04EF13EC5} = {7CE63531-F5A2-D7C6-73CB-65ED64AB1069}
		{581B3919-B8CC-1A97-9304-553FC97B62E9} = {7CE63531-F5A2-D7C6-73CB-65ED64AB1069}
		{F61F4419-C947-AE86-F5C3-14CD52109540} = {7CE63531-F5A2-D7C6-73CB-65ED64AB1069}
		{D024AB6D-0FAB-5BB5-9A3A-E89D8D6CDD93} = {7CE63531-F5A2-D7C6-73CB-65ED64AB1069}
		{C114F6B7-A9BD-CA03-30BD-04DE756AE183} = {7CE63531-F5A2-D7C6-73CB-65ED64AB1069}
		{9D5F70FB-EDF9-4586-593C-793F87291523} = {7CE63531-F5A2-D7C6-73CB-65ED64AB1069}
		{3798FF89-7F70-BAAE-BE1E-1DA13C777468} = {9D5F70FB-EDF9-4586-593C-793F87291523}
		{F3684ADC-4BEB-267A-ADFD-CB15DAF9AACF} = {7CE63531-F5A2-D7C6-73CB-65ED64AB1069}
		{5EE9F10D-16CC-620D-AA50-0F90278E3CF7} = {F3684ADC-4BEB-267A-ADFD-CB15DAF9AACF}
		{461F37FC-0D44-AC86-EDF1-05B5134BB964} = {F3684ADC-4BEB-267A-ADFD-CB15DAF9AACF}
		{1CBA816D-24A5-B202-7D93-E787D8ADFDB9} = {7CE63531-F5A2-D7C6-73CB-65ED64AB1069}
		{8A260CED-9C51-F9EA-F60E-C393EC2A9FAF} = {1CBA816D-24A5-B202-7D93-E787D8ADFDB9}
		{4CB65EFA-B4FC-0F33-FE84-5E79BAFB9587} = {1CBA816D-24A5-B202-7D93-E787D8ADFDB9}
		{C8763680-8178-17B4-1C17-FEB51A1A554D} = {7CE63531-F5A2-D7C6-73CB-65ED64AB1069}
		{A236FC42-6ACB-45D8-BB30-D8964EE875D0} = {C8763680-8178-17B4-1C17-FEB51A1A554D}
		{830E8439-8FDE-C24C-79A1-E87901DD7699} = {C8763680-8178-17B4-1C17-FEB51A1A554D}
		{971F7345-AAA2-A6B0-4461-408EC2F22B93} = {7CE63531-F5A2-D7C6-73CB-65ED64AB1069}
		{BC31265F-C1B9-79BE-FA0F-397BED5B914F} = {971F7345-AAA2-A6B0-4461-408EC2F22B93}
		{F1AF659F-27F2-3AF2-ECA8-B5569D34C84F} = {971F7345-AAA2-A6B0-4461-408EC2F22B93}
		{F268CF44-C2E1-87FE-A14B-5E6F3305AE86} = {7CE63531-F5A2-D7C6-73CB-65ED64AB1069}
		{0AA2247D-FDFE-5F73-CF9C-1770F80E6A43} = {F268CF44-C2E1-87FE-A14B-5E6F3305AE86}
		{313D3D4C-E43D-7872-1AEA-903B7DCF2555} = {7CE63531-F5A2-D7C6-73CB-65ED64AB1069}
		{883B9DE7-50A8-9753-3D9B-C226F395E0ED} = {313D3D4C-E43D-7872-1AEA-903B7DCF2555}
	EndGlobalSection
	GlobalSection(ExtensibilityGlobals) = postSolution
		SolutionGuid = {E69B6F95-DFF4-4FA8-AE9A-63BBBF26EF94}
	EndGlobalSection
EndGlobal
